
Microsoft Visual Studio Solution File, Format Version 12.00
# Visual Studio 15
VisualStudioVersion = 15.0.27703.1
MinimumVisualStudioVersion = 10.0.40219.1
Project("{FAE04EC0-301F-11D3-BF4B-00C04F79EFBC}") = "MyDebugging", "MyDebugging\MyDebugging.csproj", "{60A7740D-31D2-41A8-9C5C-983FAC1489F9}"
EndProject
Global
	GlobalSection(SolutionConfigurationPlatforms) = preSolution
		Debug|Any CPU = Debug|Any CPU
		Release|Any CPU = Release|Any CPU
	EndGlobalSection
	GlobalSection(ProjectConfigurationPlatforms) = postSolution
		{60A7740D-31D2-41A8-9C5C-983FAC1489F9}.Debug|Any CPU.ActiveCfg = Debug|Any CPU
		{60A7740D-31D2-41A8-9C5C-983FAC1489F9}.Debug|Any CPU.Build.0 = Debug|Any CPU
		{60A7740D-31D2-41A8-9C5C-983FAC1489F9}.Release|Any CPU.ActiveCfg = Release|Any CPU
		{60A7740D-31D2-41A8-9C5C-983FAC1489F9}.Release|Any CPU.Build.0 = Release|Any CPU
	EndGlobalSection
	GlobalSection(SolutionProperties) = preSolution
		HideSolutionNode = FALSE
	EndGlobalSection
	GlobalSection(ExtensibilityGlobals) = postSolution
		SolutionGuid = {E2D0DBA4-6B11-4C45-B9BF-2EF3368D9F77}
	EndGlobalSection
EndGlobal
