
Microsoft Visual Studio Solution File, Format Version 12.00
# Visual Studio 15
VisualStudioVersion = 15.0.27703.2042
MinimumVisualStudioVersion = 10.0.40219.1
Project("{FAE04EC0-301F-11D3-BF4B-00C04F79EFBC}") = "Facade", "StructuralExample\Facade.csproj", "{7DAC675D-A216-470B-91E6-A60CB432F614}"
EndProject
Project("{FAE04EC0-301F-11D3-BF4B-00C04F79EFBC}") = "Decorator", "Decorator\Decorator.csproj", "{4E8FF3D3-E86E-43C1-A25A-52181041BB33}"
EndProject
Project("{FAE04EC0-301F-11D3-BF4B-00C04F79EFBC}") = "Proxy", "Proxy\Proxy.csproj", "{A5B3C962-FEAB-4314-8CED-B114721B309F}"
EndProject
Project("{FAE04EC0-301F-11D3-BF4B-00C04F79EFBC}") = "LawOfDemeter", "LawOfDemeter\LawOfDemeter.csproj", "{F93209C9-0587-4CE4-BCF8-D6FF33A3FD28}"
EndProject
Global
	GlobalSection(SolutionConfigurationPlatforms) = preSolution
		Debug|Any CPU = Debug|Any CPU
		Release|Any CPU = Release|Any CPU
	EndGlobalSection
	GlobalSection(ProjectConfigurationPlatforms) = postSolution
		{7DAC675D-A216-470B-91E6-A60CB432F614}.Debug|Any CPU.ActiveCfg = Debug|Any CPU
		{7DAC675D-A216-470B-91E6-A60CB432F614}.Debug|Any CPU.Build.0 = Debug|Any CPU
		{7DAC675D-A216-470B-91E6-A60CB432F614}.Release|Any CPU.ActiveCfg = Release|Any CPU
		{7DAC675D-A216-470B-91E6-A60CB432F614}.Release|Any CPU.Build.0 = Release|Any CPU
		{4E8FF3D3-E86E-43C1-A25A-52181041BB33}.Debug|Any CPU.ActiveCfg = Debug|Any CPU
		{4E8FF3D3-E86E-43C1-A25A-52181041BB33}.Debug|Any CPU.Build.0 = Debug|Any CPU
		{4E8FF3D3-E86E-43C1-A25A-52181041BB33}.Release|Any CPU.ActiveCfg = Release|Any CPU
		{4E8FF3D3-E86E-43C1-A25A-52181041BB33}.Release|Any CPU.Build.0 = Release|Any CPU
		{A5B3C962-FEAB-4314-8CED-B114721B309F}.Debug|Any CPU.ActiveCfg = Debug|Any CPU
		{A5B3C962-FEAB-4314-8CED-B114721B309F}.Debug|Any CPU.Build.0 = Debug|Any CPU
		{A5B3C962-FEAB-4314-8CED-B114721B309F}.Release|Any CPU.ActiveCfg = Release|Any CPU
		{A5B3C962-FEAB-4314-8CED-B114721B309F}.Release|Any CPU.Build.0 = Release|Any CPU
		{F93209C9-0587-4CE4-BCF8-D6FF33A3FD28}.Debug|Any CPU.ActiveCfg = Debug|Any CPU
		{F93209C9-0587-4CE4-BCF8-D6FF33A3FD28}.Debug|Any CPU.Build.0 = Debug|Any CPU
		{F93209C9-0587-4CE4-BCF8-D6FF33A3FD28}.Release|Any CPU.ActiveCfg = Release|Any CPU
		{F93209C9-0587-4CE4-BCF8-D6FF33A3FD28}.Release|Any CPU.Build.0 = Release|Any CPU
	EndGlobalSection
	GlobalSection(SolutionProperties) = preSolution
		HideSolutionNode = FALSE
	EndGlobalSection
	GlobalSection(ExtensibilityGlobals) = postSolution
		SolutionGuid = {D5D90EEF-86DE-41E5-854E-FE228EB5E508}
	EndGlobalSection
EndGlobal
