
Microsoft Visual Studio Solution File, Format Version 12.00
# Visual Studio 15
VisualStudioVersion = 15.0.27703.1
MinimumVisualStudioVersion = 10.0.40219.1
Project("{FAE04EC0-301F-11D3-BF4B-00C04F79EFBC}") = "YouShallNotPass", "YouShallNotPass\YouShallNotPass.csproj", "{E1DD63A8-1C2B-4D29-B222-A49C52F009C9}"
EndProject
Global
	GlobalSection(SolutionConfigurationPlatforms) = preSolution
		Debug|Any CPU = Debug|Any CPU
		Release|Any CPU = Release|Any CPU
	EndGlobalSection
	GlobalSection(ProjectConfigurationPlatforms) = postSolution
		{E1DD63A8-1C2B-4D29-B222-A49C52F009C9}.Debug|Any CPU.ActiveCfg = Debug|Any CPU
		{E1DD63A8-1C2B-4D29-B222-A49C52F009C9}.Debug|Any CPU.Build.0 = Debug|Any CPU
		{E1DD63A8-1C2B-4D29-B222-A49C52F009C9}.Release|Any CPU.ActiveCfg = Release|Any CPU
		{E1DD63A8-1C2B-4D29-B222-A49C52F009C9}.Release|Any CPU.Build.0 = Release|Any CPU
	EndGlobalSection
	GlobalSection(SolutionProperties) = preSolution
		HideSolutionNode = FALSE
	EndGlobalSection
	GlobalSection(ExtensibilityGlobals) = postSolution
		SolutionGuid = {7F5F139B-F834-4C48-8EAE-77B351A74175}
	EndGlobalSection
EndGlobal
