
Microsoft Visual Studio Solution File, Format Version 12.00
# Visual Studio 15
VisualStudioVersion = 15.0.27703.1
MinimumVisualStudioVersion = 10.0.40219.1
Project("{FAE04EC0-301F-11D3-BF4B-00C04F79EFBC}") = "ex4", "ex4\ex4.csproj", "{1CA70285-2860-404E-A449-2D2CC2DC81FA}"
EndProject
Global
	GlobalSection(SolutionConfigurationPlatforms) = preSolution
		Debug|Any CPU = Debug|Any CPU
		Release|Any CPU = Release|Any CPU
	EndGlobalSection
	GlobalSection(ProjectConfigurationPlatforms) = postSolution
		{1CA70285-2860-404E-A449-2D2CC2DC81FA}.Debug|Any CPU.ActiveCfg = Debug|Any CPU
		{1CA70285-2860-404E-A449-2D2CC2DC81FA}.Debug|Any CPU.Build.0 = Debug|Any CPU
		{1CA70285-2860-404E-A449-2D2CC2DC81FA}.Release|Any CPU.ActiveCfg = Release|Any CPU
		{1CA70285-2860-404E-A449-2D2CC2DC81FA}.Release|Any CPU.Build.0 = Release|Any CPU
	EndGlobalSection
	GlobalSection(SolutionProperties) = preSolution
		HideSolutionNode = FALSE
	EndGlobalSection
	GlobalSection(ExtensibilityGlobals) = postSolution
		SolutionGuid = {54D50CE2-2AEC-4BEA-9850-EC221C7313C6}
	EndGlobalSection
EndGlobal
