
Microsoft Visual Studio Solution File, Format Version 12.00
# Visual Studio 15
VisualStudioVersion = 15.0.27703.1
MinimumVisualStudioVersion = 10.0.40219.1
Project("{FAE04EC0-301F-11D3-BF4B-00C04F79EFBC}") = "event_example", "event_example\event_example.csproj", "{6B1BE86A-2FC8-4190-8424-B5F20CB854BB}"
EndProject
Project("{FAE04EC0-301F-11D3-BF4B-00C04F79EFBC}") = "eventYouTubeExample", "eventYouTubeExample\eventYouTubeExample.csproj", "{EB7D118C-06C4-4258-9258-E5B2E39011E3}"
EndProject
Global
	GlobalSection(SolutionConfigurationPlatforms) = preSolution
		Debug|Any CPU = Debug|Any CPU
		Release|Any CPU = Release|Any CPU
	EndGlobalSection
	GlobalSection(ProjectConfigurationPlatforms) = postSolution
		{6B1BE86A-2FC8-4190-8424-B5F20CB854BB}.Debug|Any CPU.ActiveCfg = Debug|Any CPU
		{6B1BE86A-2FC8-4190-8424-B5F20CB854BB}.Debug|Any CPU.Build.0 = Debug|Any CPU
		{6B1BE86A-2FC8-4190-8424-B5F20CB854BB}.Release|Any CPU.ActiveCfg = Release|Any CPU
		{6B1BE86A-2FC8-4190-8424-B5F20CB854BB}.Release|Any CPU.Build.0 = Release|Any CPU
		{EB7D118C-06C4-4258-9258-E5B2E39011E3}.Debug|Any CPU.ActiveCfg = Debug|Any CPU
		{EB7D118C-06C4-4258-9258-E5B2E39011E3}.Debug|Any CPU.Build.0 = Debug|Any CPU
		{EB7D118C-06C4-4258-9258-E5B2E39011E3}.Release|Any CPU.ActiveCfg = Release|Any CPU
		{EB7D118C-06C4-4258-9258-E5B2E39011E3}.Release|Any CPU.Build.0 = Release|Any CPU
	EndGlobalSection
	GlobalSection(SolutionProperties) = preSolution
		HideSolutionNode = FALSE
	EndGlobalSection
	GlobalSection(ExtensibilityGlobals) = postSolution
		SolutionGuid = {DE305630-892C-46C3-B5AD-992AA3CC9E3A}
	EndGlobalSection
EndGlobal
